
Microsoft Visual Studio Solution File, Format Version 12.00
# Visual Studio Version 17
VisualStudioVersion = 17.3.32901.215
MinimumVisualStudioVersion = 10.0.40219.1
Project("{FAE04EC0-301F-11D3-BF4B-00C04F79EFBC}") = "13", "13\13.csproj", "{F4BB7569-857B-4CA0-82D4-3DDC9A8258C2}"
EndProject
Global
	GlobalSection(SolutionConfigurationPlatforms) = preSolution
		Debug|Any CPU = Debug|Any CPU
		Release|Any CPU = Release|Any CPU
	EndGlobalSection
	GlobalSection(ProjectConfigurationPlatforms) = postSolution
		{F4BB7569-857B-4CA0-82D4-3DDC9A8258C2}.Debug|Any CPU.ActiveCfg = Debug|Any CPU
		{F4BB7569-857B-4CA0-82D4-3DDC9A8258C2}.Debug|Any CPU.Build.0 = Debug|Any CPU
		{F4BB7569-857B-4CA0-82D4-3DDC9A8258C2}.Release|Any CPU.ActiveCfg = Release|Any CPU
		{F4BB7569-857B-4CA0-82D4-3DDC9A8258C2}.Release|Any CPU.Build.0 = Release|Any CPU
	EndGlobalSection
	GlobalSection(SolutionProperties) = preSolution
		HideSolutionNode = FALSE
	EndGlobalSection
	GlobalSection(ExtensibilityGlobals) = postSolution
		SolutionGuid = {3164E6C4-ACEA-4E80-995A-B2EED04632AA}
	EndGlobalSection
EndGlobal
